
Microsoft Visual Studio Solution File, Format Version 12.00
# Visual Studio Version 16
VisualStudioVersion = 16.0.32901.82
MinimumVisualStudioVersion = 10.0.40219.1
Project("{8BC9CEB8-8B4A-11D0-8D11-00A0C91BC942}") = "Queue2", "Queue2\Queue2.vcxproj", "{588D21A3-22F5-47E2-9537-A3875E5887F6}"
EndProject
Global
	GlobalSection(SolutionConfigurationPlatforms) = preSolution
		Debug|x64 = Debug|x64
		Debug|x86 = Debug|x86
		Release|x64 = Release|x64
		Release|x86 = Release|x86
	EndGlobalSection
	GlobalSection(ProjectConfigurationPlatforms) = postSolution
		{588D21A3-22F5-47E2-9537-A3875E5887F6}.Debug|x64.ActiveCfg = Debug|x64
		{588D21A3-22F5-47E2-9537-A3875E5887F6}.Debug|x64.Build.0 = Debug|x64
		{588D21A3-22F5-47E2-9537-A3875E5887F6}.Debug|x86.ActiveCfg = Debug|Win32
		{588D21A3-22F5-47E2-9537-A3875E5887F6}.Debug|x86.Build.0 = Debug|Win32
		{588D21A3-22F5-47E2-9537-A3875E5887F6}.Release|x64.ActiveCfg = Release|x64
		{588D21A3-22F5-47E2-9537-A3875E5887F6}.Release|x64.Build.0 = Release|x64
		{588D21A3-22F5-47E2-9537-A3875E5887F6}.Release|x86.ActiveCfg = Release|Win32
		{588D21A3-22F5-47E2-9537-A3875E5887F6}.Release|x86.Build.0 = Release|Win32
	EndGlobalSection
	GlobalSection(SolutionProperties) = preSolution
		HideSolutionNode = FALSE
	EndGlobalSection
	GlobalSection(ExtensibilityGlobals) = postSolution
		SolutionGuid = {332E9204-ACC7-4800-94AA-60BD4AB3F6C0}
	EndGlobalSection
EndGlobal
